
Microsoft Visual Studio Solution File, Format Version 12.00
# Visual Studio Version 17
VisualStudioVersion = 17.11.35312.102
MinimumVisualStudioVersion = 10.0.40219.1
Project("{FAE04EC0-301F-11D3-BF4B-00C04F79EFBC}") = "TrabalhoPOO", "TrabalhoPOO\TrabalhoPOO.csproj", "{7DE26529-0F16-41C5-A380-F51F798AA836}"
EndProject
Global
	GlobalSection(SolutionConfigurationPlatforms) = preSolution
		Debug|Any CPU = Debug|Any CPU
		Release|Any CPU = Release|Any CPU
	EndGlobalSection
	GlobalSection(ProjectConfigurationPlatforms) = postSolution
		{7DE26529-0F16-41C5-A380-F51F798AA836}.Debug|Any CPU.ActiveCfg = Debug|Any CPU
		{7DE26529-0F16-41C5-A380-F51F798AA836}.Debug|Any CPU.Build.0 = Debug|Any CPU
		{7DE26529-0F16-41C5-A380-F51F798AA836}.Release|Any CPU.ActiveCfg = Release|Any CPU
		{7DE26529-0F16-41C5-A380-F51F798AA836}.Release|Any CPU.Build.0 = Release|Any CPU
	EndGlobalSection
	GlobalSection(SolutionProperties) = preSolution
		HideSolutionNode = FALSE
	EndGlobalSection
	GlobalSection(ExtensibilityGlobals) = postSolution
		SolutionGuid = {92507C23-85DF-48C9-8AD9-D5D74692B6E0}
	EndGlobalSection
EndGlobal
